// !$*UTF8*$!
{
	archiveVersion = 1;
	classes = {
	};
	objectVersion = 50;
	objects = {

/* Begin PBXBuildFile section */
		2EBE5FDC21CB3D3500EF9107 /* AppDelegate.swift in Sources */ = {isa = PBXBuildFile; fileRef = 2EBE5FDB21CB3D3500EF9107 /* AppDelegate.swift */; };
		2EBE5FDE21CB3D3500EF9107 /* ViewController.swift in Sources */ = {isa = PBXBuildFile; fileRef = 2EBE5FDD21CB3D3500EF9107 /* ViewController.swift */; };
		2EBE5FE121CB3D3500EF9107 /* Main.storyboard in Resources */ = {isa = PBXBuildFile; fileRef = 2EBE5FDF21CB3D3500EF9107 /* Main.storyboard */; };
		2EBE5FE321CB3D3800EF9107 /* Assets.xcassets in Resources */ = {isa = PBXBuildFile; fileRef = 2EBE5FE221CB3D3800EF9107 /* Assets.xcassets */; };
		2EBE5FE621CB3D3800EF9107 /* LaunchScreen.storyboard in Resources */ = {isa = PBXBuildFile; fileRef = 2EBE5FE421CB3D3800EF9107 /* LaunchScreen.storyboard */; };
		2EBE5FF121CB3D3800EF9107 /* MultiPatternTests.swift in Sources */ = {isa = PBXBuildFile; fileRef = 2EBE5FF021CB3D3800EF9107 /* MultiPatternTests.swift */; };
		2EBE5FFC21CB3EDB00EF9107 /* Model.swift in Sources */ = {isa = PBXBuildFile; fileRef = 2EBE5FFB21CB3EDB00EF9107 /* Model.swift */; };
		A278A7406EC6A7E744243D17 /* Pods_MultiPattern.framework in Frameworks */ = {isa = PBXBuildFile; fileRef = 0BAFBEEA64A7796D8C8C3919 /* Pods_MultiPattern.framework */; };
/* End PBXBuildFile section */

/* Begin PBXContainerItemProxy section */
		2EBE5FED21CB3D3800EF9107 /* PBXContainerItemProxy */ = {
			isa = PBXContainerItemProxy;
			containerPortal = 2EBE5FD021CB3D3500EF9107 /* Project object */;
			proxyType = 1;
			remoteGlobalIDString = 2EBE5FD721CB3D3500EF9107;
			remoteInfo = MultiPattern;
		};
/* End PBXContainerItemProxy section */

/* Begin PBXFileReference section */
		0BAFBEEA64A7796D8C8C3919 /* Pods_MultiPattern.framework */ = {isa = PBXFileReference; explicitFileType = wrapper.framework; includeInIndex = 0; path = Pods_MultiPattern.framework; sourceTree = BUILT_PRODUCTS_DIR; };
		2EBE5FD821CB3D3500EF9107 /* MultiPattern.app */ = {isa = PBXFileReference; explicitFileType = wrapper.application; includeInIndex = 0; path = MultiPattern.app; sourceTree = BUILT_PRODUCTS_DIR; };
		2EBE5FDB21CB3D3500EF9107 /* AppDelegate.swift */ = {isa = PBXFileReference; lastKnownFileType = sourcecode.swift; path = AppDelegate.swift; sourceTree = "<group>"; };
		2EBE5FDD21CB3D3500EF9107 /* ViewController.swift */ = {isa = PBXFileReference; lastKnownFileType = sourcecode.swift; path = ViewController.swift; sourceTree = "<group>"; };
		2EBE5FE021CB3D3500EF9107 /* Base */ = {isa = PBXFileReference; lastKnownFileType = file.storyboard; name = Base; path = Base.lproj/Main.storyboard; sourceTree = "<group>"; };
		2EBE5FE221CB3D3800EF9107 /* Assets.xcassets */ = {isa = PBXFileReference; lastKnownFileType = folder.assetcatalog; path = Assets.xcassets; sourceTree = "<group>"; };
		2EBE5FE521CB3D3800EF9107 /* Base */ = {isa = PBXFileReference; lastKnownFileType = file.storyboard; name = Base; path = Base.lproj/LaunchScreen.storyboard; sourceTree = "<group>"; };
		2EBE5FE721CB3D3800EF9107 /* Info.plist */ = {isa = PBXFileReference; lastKnownFileType = text.plist.xml; path = Info.plist; sourceTree = "<group>"; };
		2EBE5FEC21CB3D3800EF9107 /* MultiPatternTests.xctest */ = {isa = PBXFileReference; explicitFileType = wrapper.cfbundle; includeInIndex = 0; path = MultiPatternTests.xctest; sourceTree = BUILT_PRODUCTS_DIR; };
		2EBE5FF021CB3D3800EF9107 /* MultiPatternTests.swift */ = {isa = PBXFileReference; lastKnownFileType = sourcecode.swift; path = MultiPatternTests.swift; sourceTree = "<group>"; };
		2EBE5FF221CB3D3800EF9107 /* Info.plist */ = {isa = PBXFileReference; lastKnownFileType = text.plist.xml; path = Info.plist; sourceTree = "<group>"; };
		2EBE5FFB21CB3EDB00EF9107 /* Model.swift */ = {isa = PBXFileReference; lastKnownFileType = sourcecode.swift; path = Model.swift; sourceTree = "<group>"; };
		3939877620191ADBAD79C4D0 /* Pods-MultiPattern.debug.xcconfig */ = {isa = PBXFileReference; includeInIndex = 1; lastKnownFileType = text.xcconfig; name = "Pods-MultiPattern.debug.xcconfig"; path = "Pods/Target Support Files/Pods-MultiPattern/Pods-MultiPattern.debug.xcconfig"; sourceTree = "<group>"; };
		73346D531F98196B52773E7A /* Pods-MultiPattern.release.xcconfig */ = {isa = PBXFileReference; includeInIndex = 1; lastKnownFileType = text.xcconfig; name = "Pods-MultiPattern.release.xcconfig"; path = "Pods/Target Support Files/Pods-MultiPattern/Pods-MultiPattern.release.xcconfig"; sourceTree = "<group>"; };
/* End PBXFileReference section */

/* Begin PBXFrameworksBuildPhase section */
		2EBE5FD521CB3D3500EF9107 /* Frameworks */ = {
			isa = PBXFrameworksBuildPhase;
			buildActionMask = 2147483647;
			files = (
				A278A7406EC6A7E744243D17 /* Pods_MultiPattern.framework in Frameworks */,
			);
			runOnlyForDeploymentPostprocessing = 0;
		};
		2EBE5FE921CB3D3800EF9107 /* Frameworks */ = {
			isa = PBXFrameworksBuildPhase;
			buildActionMask = 2147483647;
			files = (
			);
			runOnlyForDeploymentPostprocessing = 0;
		};
/* End PBXFrameworksBuildPhase section */

/* Begin PBXGroup section */
		0EA71F190ADEC2115C64ED13 /* Pods */ = {
			isa = PBXGroup;
			children = (
				3939877620191ADBAD79C4D0 /* Pods-MultiPattern.debug.xcconfig */,
				73346D531F98196B52773E7A /* Pods-MultiPattern.release.xcconfig */,
			);
			name = Pods;
			sourceTree = "<group>";
		};
		2EBE5FCF21CB3D3500EF9107 = {
			isa = PBXGroup;
			children = (
				2EBE5FDA21CB3D3500EF9107 /* MultiPattern */,
				2EBE5FEF21CB3D3800EF9107 /* MultiPatternTests */,
				2EBE5FD921CB3D3500EF9107 /* Products */,
				0EA71F190ADEC2115C64ED13 /* Pods */,
				5CAD4509D1B9CB75C1223D72 /* Frameworks */,
			);
			sourceTree = "<group>";
		};
		2EBE5FD921CB3D3500EF9107 /* Products */ = {
			isa = PBXGroup;
			children = (
				2EBE5FD821CB3D3500EF9107 /* MultiPattern.app */,
				2EBE5FEC21CB3D3800EF9107 /* MultiPatternTests.xctest */,
			);
			name = Products;
			sourceTree = "<group>";
		};
		2EBE5FDA21CB3D3500EF9107 /* MultiPattern */ = {
			isa = PBXGroup;
			children = (
				2EBE5FDB21CB3D3500EF9107 /* AppDelegate.swift */,
				2EBE5FDD21CB3D3500EF9107 /* ViewController.swift */,
				2EBE5FFB21CB3EDB00EF9107 /* Model.swift */,
				2EBE5FDF21CB3D3500EF9107 /* Main.storyboard */,
				2EBE5FE221CB3D3800EF9107 /* Assets.xcassets */,
				2EBE5FE421CB3D3800EF9107 /* LaunchScreen.storyboard */,
				2EBE5FE721CB3D3800EF9107 /* Info.plist */,
			);
			path = MultiPattern;
			sourceTree = "<group>";
		};
		2EBE5FEF21CB3D3800EF9107 /* MultiPatternTests */ = {
			isa = PBXGroup;
			children = (
				2EBE5FF021CB3D3800EF9107 /* MultiPatternTests.swift */,
				2EBE5FF221CB3D3800EF9107 /* Info.plist */,
			);
			path = MultiPatternTests;
			sourceTree = "<group>";
		};
		5CAD4509D1B9CB75C1223D72 /* Frameworks */ = {
			isa = PBXGroup;
			children = (
				0BAFBEEA64A7796D8C8C3919 /* Pods_MultiPattern.framework */,
			);
			name = Frameworks;
			sourceTree = "<group>";
		};
/* End PBXGroup section */

/* Begin PBXNativeTarget section */
		2EBE5FD721CB3D3500EF9107 /* MultiPattern */ = {
			isa = PBXNativeTarget;
			buildConfigurationList = 2EBE5FF521CB3D3800EF9107 /* Build configuration list for PBXNativeTarget "MultiPattern" */;
			buildPhases = (
				06A2AD8BABF5CCB1593413FB /* [CP] Check Pods Manifest.lock */,
				2EBE5FD421CB3D3500EF9107 /* Sources */,
				2EBE5FD521CB3D3500EF9107 /* Frameworks */,
				2EBE5FD621CB3D3500EF9107 /* Resources */,
				52DD4B484921EF01EB06C0C3 /* [CP] Embed Pods Frameworks */,
			);
			buildRules = (
			);
			dependencies = (
			);
			name = MultiPattern;
			productName = MultiPattern;
			productReference = 2EBE5FD821CB3D3500EF9107 /* MultiPattern.app */;
			productType = "com.apple.product-type.application";
		};
		2EBE5FEB21CB3D3800EF9107 /* MultiPatternTests */ = {
			isa = PBXNativeTarget;
			buildConfigurationList = 2EBE5FF821CB3D3800EF9107 /* Build configuration list for PBXNativeTarget "MultiPatternTests" */;
			buildPhases = (
				2EBE5FE821CB3D3800EF9107 /* Sources */,
				2EBE5FE921CB3D3800EF9107 /* Frameworks */,
				2EBE5FEA21CB3D3800EF9107 /* Resources */,
			);
			buildRules = (
			);
			dependencies = (
				2EBE5FEE21CB3D3800EF9107 /* PBXTargetDependency */,
			);
			name = MultiPatternTests;
			productName = MultiPatternTests;
			productReference = 2EBE5FEC21CB3D3800EF9107 /* MultiPatternTests.xctest */;
			productType = "com.apple.product-type.bundle.unit-test";
		};
/* End PBXNativeTarget section */

/* Begin PBXProject section */
		2EBE5FD021CB3D3500EF9107 /* Project object */ = {
			isa = PBXProject;
			attributes = {
				LastSwiftUpdateCheck = 1010;
				LastUpgradeCheck = 1010;
				ORGANIZATIONNAME = Chris;
				TargetAttributes = {
					2EBE5FD721CB3D3500EF9107 = {
						CreatedOnToolsVersion = 10.1;
					};
					2EBE5FEB21CB3D3800EF9107 = {
						CreatedOnToolsVersion = 10.1;
						TestTargetID = 2EBE5FD721CB3D3500EF9107;
					};
				};
			};
			buildConfigurationList = 2EBE5FD321CB3D3500EF9107 /* Build configuration list for PBXProject "MultiPattern" */;
			compatibilityVersion = "Xcode 9.3";
			developmentRegion = en;
			hasScannedForEncodings = 0;
			knownRegions = (
				en,
				Base,
			);
			mainGroup = 2EBE5FCF21CB3D3500EF9107;
			productRefGroup = 2EBE5FD921CB3D3500EF9107 /* Products */;
			projectDirPath = "";
			projectRoot = "";
			targets = (
				2EBE5FD721CB3D3500EF9107 /* MultiPattern */,
				2EBE5FEB21CB3D3800EF9107 /* MultiPatternTests */,
			);
		};
/* End PBXProject section */

/* Begin PBXResourcesBuildPhase section */
		2EBE5FD621CB3D3500EF9107 /* Resources */ = {
			isa = PBXResourcesBuildPhase;
			buildActionMask = 2147483647;
			files = (
				2EBE5FE621CB3D3800EF9107 /* LaunchScreen.storyboard in Resources */,
				2EBE5FE321CB3D3800EF9107 /* Assets.xcassets in Resources */,
				2EBE5FE121CB3D3500EF9107 /* Main.storyboard in Resources */,
			);
			runOnlyForDeploymentPostprocessing = 0;
		};
		2EBE5FEA21CB3D3800EF9107 /* Resources */ = {
			isa = PBXResourcesBuildPhase;
			buildActionMask = 2147483647;
			files = (
			);
			runOnlyForDeploymentPostprocessing = 0;
		};
/* End PBXResourcesBuildPhase section */

/* Begin PBXShellScriptBuildPhase section */
		06A2AD8BABF5CCB1593413FB /* [CP] Check Pods Manifest.lock */ = {
			isa = PBXShellScriptBuildPhase;
			buildActionMask = 2147483647;
			files = (
			);
			inputPaths = (
				"${PODS_PODFILE_DIR_PATH}/Podfile.lock",
				"${PODS_ROOT}/Manifest.lock",
			);
			name = "[CP] Check Pods Manifest.lock";
			outputPaths = (
				"$(DERIVED_FILE_DIR)/Pods-MultiPattern-checkManifestLockResult.txt",
			);
			runOnlyForDeploymentPostprocessing = 0;
			shellPath = /bin/sh;
			shellScript = "diff \"${PODS_PODFILE_DIR_PATH}/Podfile.lock\" \"${PODS_ROOT}/Manifest.lock\" > /dev/null\nif [ $? != 0 ] ; then\n    # print error to STDERR\n    echo \"error: The sandbox is not in sync with the Podfile.lock. Run 'pod install' or update your CocoaPods installation.\" >&2\n    exit 1\nfi\n# This output is used by Xcode 'outputs' to avoid re-running this script phase.\necho \"SUCCESS\" > \"${SCRIPT_OUTPUT_FILE_0}\"\n";
			showEnvVarsInLog = 0;
		};
		52DD4B484921EF01EB06C0C3 /* [CP] Embed Pods Frameworks */ = {
			isa = PBXShellScriptBuildPhase;
			buildActionMask = 2147483647;
			files = (
			);
			inputPaths = (
				"${SRCROOT}/Pods/Target Support Files/Pods-MultiPattern/Pods-MultiPattern-frameworks.sh",
				"${BUILT_PRODUCTS_DIR}/RxAtomic/RxAtomic.framework",
				"${BUILT_PRODUCTS_DIR}/RxCocoa/RxCocoa.framework",
				"${BUILT_PRODUCTS_DIR}/RxSwift/RxSwift.framework",
			);
			name = "[CP] Embed Pods Frameworks";
			outputPaths = (
				"${TARGET_BUILD_DIR}/${FRAMEWORKS_FOLDER_PATH}/RxAtomic.framework",
				"${TARGET_BUILD_DIR}/${FRAMEWORKS_FOLDER_PATH}/RxCocoa.framework",
				"${TARGET_BUILD_DIR}/${FRAMEWORKS_FOLDER_PATH}/RxSwift.framework",
			);
			runOnlyForDeploymentPostprocessing = 0;
			shellPath = /bin/sh;
			shellScript = "\"${SRCROOT}/Pods/Target Support Files/Pods-MultiPattern/Pods-MultiPattern-frameworks.sh\"\n";
			showEnvVarsInLog = 0;
		};
/* End PBXShellScriptBuildPhase section */

/* Begin PBXSourcesBuildPhase section */
		2EBE5FD421CB3D3500EF9107 /* Sources */ = {
			isa = PBXSourcesBuildPhase;
			buildActionMask = 2147483647;
			files = (
				2EBE5FFC21CB3EDB00EF9107 /* Model.swift in Sources */,
				2EBE5FDE21CB3D3500EF9107 /* ViewController.swift in Sources */,
				2EBE5FDC21CB3D3500EF9107 /* AppDelegate.swift in Sources */,
			);
			runOnlyForDeploymentPostprocessing = 0;
		};
		2EBE5FE821CB3D3800EF9107 /* Sources */ = {
			isa = PBXSourcesBuildPhase;
			buildActionMask = 2147483647;
			files = (
				2EBE5FF121CB3D3800EF9107 /* MultiPatternTests.swift in Sources */,
			);
			runOnlyForDeploymentPostprocessing = 0;
		};
/* End PBXSourcesBuildPhase section */

/* Begin PBXTargetDependency section */
		2EBE5FEE21CB3D3800EF9107 /* PBXTargetDependency */ = {
			isa = PBXTargetDependency;
			target = 2EBE5FD721CB3D3500EF9107 /* MultiPattern */;
			targetProxy = 2EBE5FED21CB3D3800EF9107 /* PBXContainerItemProxy */;
		};
/* End PBXTargetDependency section */

/* Begin PBXVariantGroup section */
		2EBE5FDF21CB3D3500EF9107 /* Main.storyboard */ = {
			isa = PBXVariantGroup;
			children = (
				2EBE5FE021CB3D3500EF9107 /* Base */,
			);
			name = Main.storyboard;
			sourceTree = "<group>";
		};
		2EBE5FE421CB3D3800EF9107 /* LaunchScreen.storyboard */ = {
			isa = PBXVariantGroup;
			children = (
				2EBE5FE521CB3D3800EF9107 /* Base */,
			);
			name = LaunchScreen.storyboard;
			sourceTree = "<group>";
		};
/* End PBXVariantGroup section */

/* Begin XCBuildConfiguration section */
		2EBE5FF321CB3D3800EF9107 /* Debug */ = {
			isa = XCBuildConfiguration;
			buildSettings = {
				ALWAYS_SEARCH_USER_PATHS = NO;
				CLANG_ANALYZER_NONNULL = YES;
				CLANG_ANALYZER_NUMBER_OBJECT_CONVERSION = YES_AGGRESSIVE;
				CLANG_CXX_LANGUAGE_STANDARD = "gnu++14";
				CLANG_CXX_LIBRARY = "libc++";
				CLANG_ENABLE_MODULES = YES;
				CLANG_ENABLE_OBJC_ARC = YES;
				CLANG_ENABLE_OBJC_WEAK = YES;
				CLANG_WARN_BLOCK_CAPTURE_AUTORELEASING = YES;
				CLANG_WARN_BOOL_CONVERSION = YES;
				CLANG_WARN_COMMA = YES;
				CLANG_WARN_CONSTANT_CONVERSION = YES;
				CLANG_WARN_DEPRECATED_OBJC_IMPLEMENTATIONS = YES;
				CLANG_WARN_DIRECT_OBJC_ISA_USAGE = YES_ERROR;
				CLANG_WARN_DOCUMENTATION_COMMENTS = YES;
				CLANG_WARN_EMPTY_BODY = YES;
				CLANG_WARN_ENUM_CONVERSION = YES;
				CLANG_WARN_INFINITE_RECURSION = YES;
				CLANG_WARN_INT_CONVERSION = YES;
				CLANG_WARN_NON_LITERAL_NULL_CONVERSION = YES;
				CLANG_WARN_OBJC_IMPLICIT_RETAIN_SELF = YES;
				CLANG_WARN_OBJC_LITERAL_CONVERSION = YES;
				CLANG_WARN_OBJC_ROOT_CLASS = YES_ERROR;
				CLANG_WARN_RANGE_LOOP_ANALYSIS = YES;
				CLANG_WARN_STRICT_PROTOTYPES = YES;
				CLANG_WARN_SUSPICIOUS_MOVE = YES;
				CLANG_WARN_UNGUARDED_AVAILABILITY = YES_AGGRESSIVE;
				CLANG_WARN_UNREACHABLE_CODE = YES;
				CLANG_WARN__DUPLICATE_METHOD_MATCH = YES;
				CODE_SIGN_IDENTITY = "iPhone Developer";
				COPY_PHASE_STRIP = NO;
				DEBUG_INFORMATION_FORMAT = dwarf;
				ENABLE_STRICT_OBJC_MSGSEND = YES;
				ENABLE_TESTABILITY = YES;
				GCC_C_LANGUAGE_STANDARD = gnu11;
				GCC_DYNAMIC_NO_PIC = NO;
				GCC_NO_COMMON_BLOCKS = YES;
				GCC_OPTIMIZATION_LEVEL = 0;
				GCC_PREPROCESSOR_DEFINITIONS = (
					"DEBUG=1",
					"$(inherited)",
				);
				GCC_WARN_64_TO_32_BIT_CONVERSION = YES;
				GCC_WARN_ABOUT_RETURN_TYPE = YES_ERROR;
				GCC_WARN_UNDECLARED_SELECTOR = YES;
				GCC_WARN_UNINITIALIZED_AUTOS = YES_AGGRESSIVE;
				GCC_WARN_UNUSED_FUNCTION = YES;
				GCC_WARN_UNUSED_VARIABLE = YES;
				IPHONEOS_DEPLOYMENT_TARGET = 12.1;
				MTL_ENABLE_DEBUG_INFO = INCLUDE_SOURCE;
				MTL_FAST_MATH = YES;
				ONLY_ACTIVE_ARCH = YES;
				SDKROOT = iphoneos;
				SWIFT_ACTIVE_COMPILATION_CONDITIONS = DEBUG;
				SWIFT_OPTIMIZATION_LEVEL = "-Onone";
			};
			name = Debug;
		};
		2EBE5FF421CB3D3800EF9107 /* Release */ = {
			isa = XCBuildConfiguration;
			buildSettings = {
				ALWAYS_SEARCH_USER_PATHS = NO;
				CLANG_ANALYZER_NONNULL = YES;
				CLANG_ANALYZER_NUMBER_OBJECT_CONVERSION = YES_AGGRESSIVE;
				CLANG_CXX_LANGUAGE_STANDARD = "gnu++14";
				CLANG_CXX_LIBRARY = "libc++";
				CLANG_ENABLE_MODULES = YES;
				CLANG_ENABLE_OBJC_ARC = YES;
				CLANG_ENABLE_OBJC_WEAK = YES;
				CLANG_WARN_BLOCK_CAPTURE_AUTORELEASING = YES;
				CLANG_WARN_BOOL_CONVERSION = YES;
				CLANG_WARN_COMMA = YES;
				CLANG_WARN_CONSTANT_CONVERSION = YES;
				CLANG_WARN_DEPRECATED_OBJC_IMPLEMENTATIONS = YES;
				CLANG_WARN_DIRECT_OBJC_ISA_USAGE = YES_ERROR;
				CLANG_WARN_DOCUMENTATION_COMMENTS = YES;
				CLANG_WARN_EMPTY_BODY = YES;
				CLANG_WARN_ENUM_CONVERSION = YES;
				CLANG_WARN_INFINITE_RECURSION = YES;
				CLANG_WARN_INT_CONVERSION = YES;
				CLANG_WARN_NON_LITERAL_NULL_CONVERSION = YES;
				CLANG_WARN_OBJC_IMPLICIT_RETAIN_SELF = YES;
				CLANG_WARN_OBJC_LITERAL_CONVERSION = YES;
				CLANG_WARN_OBJC_ROOT_CLASS = YES_ERROR;
				CLANG_WARN_RANGE_LOOP_ANALYSIS = YES;
				CLANG_WARN_STRICT_PROTOTYPES = YES;
				CLANG_WARN_SUSPICIOUS_MOVE = YES;
				CLANG_WARN_UNGUARDED_AVAILABILITY = YES_AGGRESSIVE;
				CLANG_WARN_UNREACHABLE_CODE = YES;
				CLANG_WARN__DUPLICATE_METHOD_MATCH = YES;
				CODE_SIGN_IDENTITY = "iPhone Developer";
				COPY_PHASE_STRIP = NO;
				DEBUG_INFORMATION_FORMAT = "dwarf-with-dsym";
				ENABLE_NS_ASSERTIONS = NO;
				ENABLE_STRICT_OBJC_MSGSEND = YES;
				GCC_C_LANGUAGE_STANDARD = gnu11;
				GCC_NO_COMMON_BLOCKS = YES;
				GCC_WARN_64_TO_32_BIT_CONVERSION = YES;
				GCC_WARN_ABOUT_RETURN_TYPE = YES_ERROR;
				GCC_WARN_UNDECLARED_SELECTOR = YES;
				GCC_WARN_UNINITIALIZED_AUTOS = YES_AGGRESSIVE;
				GCC_WARN_UNUSED_FUNCTION = YES;
				GCC_WARN_UNUSED_VARIABLE = YES;
				IPHONEOS_DEPLOYMENT_TARGET = 12.1;
				MTL_ENABLE_DEBUG_INFO = NO;
				MTL_FAST_MATH = YES;
				SDKROOT = iphoneos;
				SWIFT_COMPILATION_MODE = wholemodule;
				SWIFT_OPTIMIZATION_LEVEL = "-O";
				VALIDATE_PRODUCT = YES;
			};
			name = Release;
		};
		2EBE5FF621CB3D3800EF9107 /* Debug */ = {
			isa = XCBuildConfiguration;
			baseConfigurationReference = 3939877620191ADBAD79C4D0 /* Pods-MultiPattern.debug.xcconfig */;
			buildSettings = {
				ASSETCATALOG_COMPILER_APPICON_NAME = AppIcon;
				CODE_SIGN_STYLE = Automatic;
				INFOPLIST_FILE = MultiPattern/Info.plist;
				LD_RUNPATH_SEARCH_PATHS = "$(inherited) @executable_path/Frameworks";
				PRODUCT_BUNDLE_IDENTIFIER = Chris.MultiPattern;
				PRODUCT_NAME = "$(TARGET_NAME)";
				SWIFT_VERSION = 4.2;
				TARGETED_DEVICE_FAMILY = "1,2";
			};
			name = Debug;
		};
		2EBE5FF721CB3D3800EF9107 /* Release */ = {
			isa = XCBuildConfiguration;
			baseConfigurationReference = 73346D531F98196B52773E7A /* Pods-MultiPattern.release.xcconfig */;
			buildSettings = {
				ASSETCATALOG_COMPILER_APPICON_NAME = AppIcon;
				CODE_SIGN_STYLE = Automatic;
				INFOPLIST_FILE = MultiPattern/Info.plist;
				LD_RUNPATH_SEARCH_PATHS = "$(inherited) @executable_path/Frameworks";
				PRODUCT_BUNDLE_IDENTIFIER = Chris.MultiPattern;
				PRODUCT_NAME = "$(TARGET_NAME)";
				SWIFT_VERSION = 4.2;
				TARGETED_DEVICE_FAMILY = "1,2";
			};
			name = Release;
		};
		2EBE5FF921CB3D3800EF9107 /* Debug */ = {
			isa = XCBuildConfiguration;
			buildSettings = {
				ALWAYS_EMBED_SWIFT_STANDARD_LIBRARIES = YES;
				BUNDLE_LOADER = "$(TEST_HOST)";
				CODE_SIGN_STYLE = Automatic;
				INFOPLIST_FILE = MultiPatternTests/Info.plist;
				LD_RUNPATH_SEARCH_PATHS = "$(inherited) @executable_path/Frameworks @loader_path/Frameworks";
				PRODUCT_BUNDLE_IDENTIFIER = Chris.MultiPatternTests;
				PRODUCT_NAME = "$(TARGET_NAME)";
				SWIFT_VERSION = 4.2;
				TARGETED_DEVICE_FAMILY = "1,2";
				TEST_HOST = "$(BUILT_PRODUCTS_DIR)/MultiPattern.app/MultiPattern";
			};
			name = Debug;
		};
		2EBE5FFA21CB3D3800EF9107 /* Release */ = {
			isa = XCBuildConfiguration;
			buildSettings = {
				ALWAYS_EMBED_SWIFT_STANDARD_LIBRARIES = YES;
				BUNDLE_LOADER = "$(TEST_HOST)";
				CODE_SIGN_STYLE = Automatic;
				INFOPLIST_FILE = MultiPatternTests/Info.plist;
				LD_RUNPATH_SEARCH_PATHS = "$(inherited) @executable_path/Frameworks @loader_path/Frameworks";
				PRODUCT_BUNDLE_IDENTIFIER = Chris.MultiPatternTests;
				PRODUCT_NAME = "$(TARGET_NAME)";
				SWIFT_VERSION = 4.2;
				TARGETED_DEVICE_FAMILY = "1,2";
				TEST_HOST = "$(BUILT_PRODUCTS_DIR)/MultiPattern.app/MultiPattern";
			};
			name = Release;
		};
/* End XCBuildConfiguration section */

/* Begin XCConfigurationList section */
		2EBE5FD321CB3D3500EF9107 /* Build configuration list for PBXProject "MultiPattern" */ = {
			isa = XCConfigurationList;
			buildConfigurations = (
				2EBE5FF321CB3D3800EF9107 /* Debug */,
				2EBE5FF421CB3D3800EF9107 /* Release */,
			);
			defaultConfigurationIsVisible = 0;
			defaultConfigurationName = Release;
		};
		2EBE5FF521CB3D3800EF9107 /* Build configuration list for PBXNativeTarget "MultiPattern" */ = {
			isa = XCConfigurationList;
			buildConfigurations = (
				2EBE5FF621CB3D3800EF9107 /* Debug */,
				2EBE5FF721CB3D3800EF9107 /* Release */,
			);
			defaultConfigurationIsVisible = 0;
			defaultConfigurationName = Release;
		};
		2EBE5FF821CB3D3800EF9107 /* Build configuration list for PBXNativeTarget "MultiPatternTests" */ = {
			isa = XCConfigurationList;
			buildConfigurations = (
				2EBE5FF921CB3D3800EF9107 /* Debug */,
				2EBE5FFA21CB3D3800EF9107 /* Release */,
			);
			defaultConfigurationIsVisible = 0;
			defaultConfigurationName = Release;
		};
/* End XCConfigurationList section */
	};
	rootObject = 2EBE5FD021CB3D3500EF9107 /* Project object */;
}
